# THIS IS AN AUTOGENERATED FILE. DO NOT EDIT THIS FILE DIRECTLY.
# yarn lockfile v1


"@jscad/3mf-serializer@2.1.6":
  version "2.1.6"
  resolved "https://registry.yarnpkg.com/@jscad/3mf-serializer/-/3mf-serializer-2.1.6.tgz#7294a25b6335b9c93cc86d4ab656b055d9dfd22a"
  integrity sha512-FymYUelAFjHkAf2YAshDPHh/UfH5bD0+9DBeEsGyP1I4gkJQHxE8rIi7vRuK+h1RC/7cpixM0UCXgjBDdMJCNA==
  dependencies:
    "@jscad/array-utils" "2.1.4"
    "@jscad/modeling" "2.10.0"
    fflate "0.7.3"
    onml "1.2.0"

"@jscad/amf-deserializer@2.3.2":
  version "2.3.2"
  resolved "https://registry.yarnpkg.com/@jscad/amf-deserializer/-/amf-deserializer-2.3.2.tgz#7dc6ea0c46c61f491f31b9bb0f5806b3319ea676"
  integrity sha512-tU7I79EhbiwY2ij5lYU9B2VXWYgoulAugTvw4Yzm4Gc3dnmdbjx7Lhhy/FUAQlpG5UYvGAMi5s4L9FoHwFNW5w==
  dependencies:
    "@jscad/modeling" "2.10.0"
    saxes "5.0.1"

"@jscad/amf-serializer@2.1.12":
  version "2.1.12"
  resolved "https://registry.yarnpkg.com/@jscad/amf-serializer/-/amf-serializer-2.1.12.tgz#d2d79aa59f7acbba0c396ff9b66cfb34c533dfb8"
  integrity sha512-hqQmanw+7tCUzC1f0/J2FZIgort4nbeLJ4kW3iBVsMrvEVLatlzTwvjtiDXWHhQ08Trv1wwGEC1ER8Z2+xV24Q==
  dependencies:
    "@jscad/array-utils" "2.1.4"
    "@jscad/modeling" "2.10.0"
    onml "1.3.0"

"@jscad/array-utils@2.1.4":
  version "2.1.4"
  resolved "https://registry.yarnpkg.com/@jscad/array-utils/-/array-utils-2.1.4.tgz#05e93c7c0ccaab8fa5e81e3ec685aab9c41e7075"
  integrity sha512-c31r4zSKsE+4Xfwk2V8monDA0hx5G89QGzaakWVUvuGNowYS9WSsYCwHiTIXodjR+HEnDu4okQ7k/whmP0Ne2g==

"@jscad/cli@^2.0.0-alpha.6":
  version "2.2.24"
  resolved "https://registry.yarnpkg.com/@jscad/cli/-/cli-2.2.24.tgz#ad31a62abdb128781d886c3c9a7a567c75007419"
  integrity sha512-IWTPKUGJLDjvxqOOa9Dhe1BVFHttRKPgGvmBhFJ9wea1r6SJCjmXbZDGkDsdxR72I8UBOJ8jEcS1KKEDVIvxHw==
  dependencies:
    "@jscad/array-utils" "2.1.4"
    "@jscad/core" "2.6.4"
    "@jscad/io" "2.4.3"
    "@jscad/modeling" "2.10.0"

"@jscad/core@2.6.4":
  version "2.6.4"
  resolved "https://registry.yarnpkg.com/@jscad/core/-/core-2.6.4.tgz#6fcccf65964d4fbe3e8e45b0b7f2262f42780e0e"
  integrity sha512-WpyllwnohTOoP2H1/nUrEMjfIxs3zjK9PJQkz6XyrbXjW08Ko+mfTW3zvsPayn5kr5IuFMgSBb0fXuPBVavyBw==
  dependencies:
    "@jscad/array-utils" "2.1.4"
    "@jscad/io" "2.4.3"
    "@jscad/io-utils" "2.0.22"
    "@jscad/modeling" "2.10.0"
    json5 "2.2.0"
    strip-bom "4.0.0"

"@jscad/dxf-deserializer@2.3.19":
  version "2.3.19"
  resolved "https://registry.yarnpkg.com/@jscad/dxf-deserializer/-/dxf-deserializer-2.3.19.tgz#1c8ea2ea7b22038b1ff5d1f9444c6c0a8a1a8fe5"
  integrity sha512-l0BTWLOqiHz5Qp2v+uw5VIxPDr28BQHXEwfxBT2lrh4soeUnLhNpufEn/T3omzvwKygdS7QjiPvedwAJ3PfnMg==
  dependencies:
    "@jscad/modeling" "2.10.0"

"@jscad/dxf-serializer@2.1.12":
  version "2.1.12"
  resolved "https://registry.yarnpkg.com/@jscad/dxf-serializer/-/dxf-serializer-2.1.12.tgz#3fd77e0348ab58899fbee508179ce50cbd141476"
  integrity sha512-6BXl45ezGQX6b7LoKVC7t4YAVcjRO6YFxRBikNw3eFAl4iqjtPjY8LwgJ0ylqqt5TwqmszEuVE0jtrVKc87HKw==
  dependencies:
    "@jscad/array-utils" "2.1.4"
    "@jscad/modeling" "2.10.0"

"@jscad/io-utils@2.0.22":
  version "2.0.22"
  resolved "https://registry.yarnpkg.com/@jscad/io-utils/-/io-utils-2.0.22.tgz#d45ecba2942cad4289c88867d8605d62327d0a2b"
  integrity sha512-MF98t0/XjqkqncQuU3iZcaec8pjZmiytX2Q4xmB9nme0M8RCbrgRCxI6XgSeintWXTyXRES6Hd2M1GcRFOPEvA==

"@jscad/io@2.4.3":
  version "2.4.3"
  resolved "https://registry.yarnpkg.com/@jscad/io/-/io-2.4.3.tgz#b17a7e784112bd0981e0a9d623a42c4202080f1a"
  integrity sha512-fo4MiMWK3P9H/fPd9pJwTeVHS4v2B7+4RrfZKfB5X7+Npq4X4mjk2cXo2smHGcB75OCZ83Ng7BApNNp10YYg6A==
  dependencies:
    "@jscad/3mf-serializer" "2.1.6"
    "@jscad/amf-deserializer" "2.3.2"
    "@jscad/amf-serializer" "2.1.12"
    "@jscad/array-utils" "2.1.4"
    "@jscad/dxf-deserializer" "2.3.19"
    "@jscad/dxf-serializer" "2.1.12"
    "@jscad/io-utils" "2.0.22"
    "@jscad/json-deserializer" "2.0.23"
    "@jscad/json-serializer" "2.0.22"
    "@jscad/modeling" "2.10.0"
    "@jscad/obj-deserializer" "2.0.22"
    "@jscad/obj-serializer" "2.1.12"
    "@jscad/stl-deserializer" "2.1.19"
    "@jscad/stl-serializer" "2.1.12"
    "@jscad/svg-deserializer" "2.5.3"
    "@jscad/svg-serializer" "2.3.10"
    "@jscad/x3d-deserializer" "2.2.2"
    "@jscad/x3d-serializer" "2.4.2"

"@jscad/json-deserializer@2.0.23":
  version "2.0.23"
  resolved "https://registry.yarnpkg.com/@jscad/json-deserializer/-/json-deserializer-2.0.23.tgz#e072a9f2674abd41f84968ff058175ff286f519f"
  integrity sha512-LiBEYPt7jOPtbV9HO0/OxUR537Nx/cSamcBzWq1+FGx9HGO7OjEjZ5Vbf4uR8AlReVBSvAuorhwXGL1UoutbMA==
  dependencies:
    "@jscad/array-utils" "2.1.4"

"@jscad/json-serializer@2.0.22":
  version "2.0.22"
  resolved "https://registry.yarnpkg.com/@jscad/json-serializer/-/json-serializer-2.0.22.tgz#2282f7ae8f3508edae929c2d264cf1e03daae617"
  integrity sha512-Ca87Ffhdilx5UUOvNypYaZBCVKaizxcuL2LCQCY6kIJX8xX3DGFDMEZaDJIdYipASSQ2NWF3OM40IV1usHqanQ==
  dependencies:
    "@jscad/modeling" "2.10.0"

"@jscad/modeling@2.10.0":
  version "2.10.0"
  resolved "https://registry.yarnpkg.com/@jscad/modeling/-/modeling-2.10.0.tgz#43645949c7edb21848fb2c9f27efb010038d7a66"
  integrity sha512-TguexofFDURrcPkZ1qjixjgCftt+YJfuvum8T83gg8cRXNtANaBkkkgs1Y2Kh8e/DJeZzfpi0V5cGJV2IvfS6g==

"@jscad/obj-deserializer@2.0.22":
  version "2.0.22"
  resolved "https://registry.yarnpkg.com/@jscad/obj-deserializer/-/obj-deserializer-2.0.22.tgz#a5f954f0a7a60a3f0a60a274e2fb0fd5b45238e6"
  integrity sha512-xQOy11qYVdVD0XzMf2HpGoe7qiwv7F3L5/K3G/fvkBKhcwOzfLt7ETb+LYZFuS7Od5PXfyMCO9igOEDK5k6Tdg==
  dependencies:
    "@jscad/modeling" "2.10.0"

"@jscad/obj-serializer@2.1.12":
  version "2.1.12"
  resolved "https://registry.yarnpkg.com/@jscad/obj-serializer/-/obj-serializer-2.1.12.tgz#b71aa6c645427e3e90c5cbb28fcd48396f7b5013"
  integrity sha512-awClr+3VA6IcXo8ox49rtkrL9aZbtNPMi26mGN9QdORExHa4WDW2rZtasyE9qmmkNBVCyD1TASFYXSsDHBoSZg==
  dependencies:
    "@jscad/array-utils" "2.1.4"
    "@jscad/modeling" "2.10.0"

"@jscad/stl-deserializer@2.1.19":
  version "2.1.19"
  resolved "https://registry.yarnpkg.com/@jscad/stl-deserializer/-/stl-deserializer-2.1.19.tgz#211270ffc8d45055e8cc40efdf11dcf42d4d1702"
  integrity sha512-IpoGTc2lg1AMJD5QrMWF5TAV0JRF/mWlxhy9+qiqeA2hTj0Ysc5FGXh2AOwX1rX/Ylgae38+g6wf5Cqu4OzrSg==
  dependencies:
    "@jscad/io-utils" "2.0.22"
    "@jscad/modeling" "2.10.0"

"@jscad/stl-serializer@2.1.12":
  version "2.1.12"
  resolved "https://registry.yarnpkg.com/@jscad/stl-serializer/-/stl-serializer-2.1.12.tgz#d1fd83d7c68b526e299b328a8b09909ac596ea1c"
  integrity sha512-1pQLsNR9+cx2/o3KnFSR2Nah5pRQW4xTIBdoVo8F4ZOuSWMqRWWE4jHgBsOkXvqsjzLF1rGWMRanPe7pMVBYjA==
  dependencies:
    "@jscad/array-utils" "2.1.4"
    "@jscad/modeling" "2.10.0"

"@jscad/svg-deserializer@2.5.3":
  version "2.5.3"
  resolved "https://registry.yarnpkg.com/@jscad/svg-deserializer/-/svg-deserializer-2.5.3.tgz#5f9c7de2eb497020277870897ba9fef9fce57bc6"
  integrity sha512-r5MEVg2MDVXUBiQQ8T9NloJEN14FPa3HoL2wYQ4ewblcQ3WZUSErkqhTQ5ZHrEuiAkCGQmqKP0I2JlsA6lKQzQ==
  dependencies:
    "@jscad/array-utils" "2.1.4"
    "@jscad/modeling" "2.10.0"
    saxes "5.0.1"

"@jscad/svg-serializer@2.3.10":
  version "2.3.10"
  resolved "https://registry.yarnpkg.com/@jscad/svg-serializer/-/svg-serializer-2.3.10.tgz#8f8b526b694a91dfd279701cef1442c9642e09f7"
  integrity sha512-35MWmpdQYT/RgWnBM4rtYKjZ2zIwNp2tH+Cz1n7bdwARTh4yd+gI5IH/LD/9lRVk1WDn/nD+EhTeYb4IHWnkgQ==
  dependencies:
    "@jscad/modeling" "2.10.0"
    onml "1.3.0"

"@jscad/x3d-deserializer@2.2.2":
  version "2.2.2"
  resolved "https://registry.yarnpkg.com/@jscad/x3d-deserializer/-/x3d-deserializer-2.2.2.tgz#f86737d311fc8b14361973a2167cb070f032e3f8"
  integrity sha512-ftMZPasuUx1mnGKuynyywcctvSi1x0N5UD/PmxEBsWagCSEHdqO9UDJl58r3+VsYcRdxbDtT7D+CAUDgdv9dzA==
  dependencies:
    "@jscad/array-utils" "2.1.4"
    "@jscad/modeling" "2.10.0"
    saxes "5.0.1"

"@jscad/x3d-serializer@2.4.2":
  version "2.4.2"
  resolved "https://registry.yarnpkg.com/@jscad/x3d-serializer/-/x3d-serializer-2.4.2.tgz#2a9413fefba061c93acc4dd0c5996dd6b1afce22"
  integrity sha512-tmNDZqy18wGoW5t0TvOZkX7b5slzdyqsKBw8s1V/JcjHWrLWhASPG7pVR1wqYsiLipC1IheTV972rYxPphl0uA==
  dependencies:
    "@jscad/array-utils" "2.1.4"
    "@jscad/modeling" "2.10.0"
    onml "1.3.0"

"@types/node@^14.14.25":
  version "14.14.25"
  resolved "https://registry.yarnpkg.com/@types/node/-/node-14.14.25.tgz#15967a7b577ff81383f9b888aa6705d43fbbae93"
  integrity sha512-EPpXLOVqDvisVxtlbvzfyqSsFeQxltFbluZNRndIb8tr9KiBnYNLzrc1N3pyKUCww2RNrfHDViqDWWE1LCJQtQ==

fflate@0.7.3:
  version "0.7.3"
  resolved "https://registry.yarnpkg.com/fflate/-/fflate-0.7.3.tgz#288b034ff0e9c380eaa2feff48c787b8371b7fa5"
  integrity sha512-0Zz1jOzJWERhyhsimS54VTqOteCNwRtIlh8isdL0AXLo0g7xNTfTL7oWrkmCnPhZGocKIkWHBistBrrpoNH3aw==

json5@2.2.0:
  version "2.2.0"
  resolved "https://registry.yarnpkg.com/json5/-/json5-2.2.0.tgz#2dfefe720c6ba525d9ebd909950f0515316c89a3"
  integrity sha512-f+8cldu7X/y7RAJurMEJmdoKXGB/X550w2Nr3tTbezL6RwEE/iMcm+tZnXeoZtKuOq6ft8+CqzEkrIgx1fPoQA==
  dependencies:
    minimist "^1.2.5"

minimist@^1.2.5:
  version "1.2.7"
  resolved "https://registry.yarnpkg.com/minimist/-/minimist-1.2.7.tgz#daa1c4d91f507390437c6a8bc01078e7000c4d18"
  integrity sha512-bzfL1YUZsP41gmu/qjrEk0Q6i2ix/cVeAhbCbqH9u3zYutS1cLg00qhrD0M2MVdCcx4Sc0UpP2eBWo9rotpq6g==

onml@1.2.0:
  version "1.2.0"
  resolved "https://registry.yarnpkg.com/onml/-/onml-1.2.0.tgz#35b90924660d3699f8dbe56154308e8fa1327b38"
  integrity sha512-olqYAg18XoHAhm7tK9DdBCOVdts70DGmMgCNLOWyqZokht2utgGSKBB4JHi6pBZpmioAhcYlxK+91L3tsrz+GA==
  dependencies:
    sax "^1.2.1"

onml@1.3.0:
  version "1.3.0"
  resolved "https://registry.yarnpkg.com/onml/-/onml-1.3.0.tgz#db0ad8fa7468ebf33326fe9cc5d287bf797125b5"
  integrity sha512-RhGUsC6Im2A5vAdIvxE3auRKTqrqUZQl/AYLn8+9lM3SO4da5bwhcI5TcM+hfQxNCSLLOVErsl9p0ZPjKKmz+g==
  dependencies:
    sax "^1.2.1"

sax@^1.2.1:
  version "1.2.4"
  resolved "https://registry.yarnpkg.com/sax/-/sax-1.2.4.tgz#2816234e2378bddc4e5354fab5caa895df7100d9"
  integrity sha512-NqVDv9TpANUjFm0N8uM5GxL36UgKi9/atZw+x7YFnQ8ckwFGKrl4xX4yWtrey3UJm5nP1kUbnYgLopqWNSRhWw==

saxes@5.0.1:
  version "5.0.1"
  resolved "https://registry.yarnpkg.com/saxes/-/saxes-5.0.1.tgz#eebab953fa3b7608dbe94e5dadb15c888fa6696d"
  integrity sha512-5LBh1Tls8c9xgGjw3QrMwETmTMVk0oFgvrFSvWx62llR2hcEInrKNZ2GZCCuuy2lvWrdl5jhbpeqc5hRYKFOcw==
  dependencies:
    xmlchars "^2.2.0"

strip-bom@4.0.0:
  version "4.0.0"
  resolved "https://registry.yarnpkg.com/strip-bom/-/strip-bom-4.0.0.tgz#9c3505c1db45bcedca3d9cf7a16f5c5aa3901878"
  integrity sha512-3xurFv5tEgii33Zi8Jtp55wEIILR9eh34FAW00PZf+JnSsTmV/ioewSgQl97JHvgjoRGwPShsWm+IdrxB35d0w==

xmlchars@^2.2.0:
  version "2.2.0"
  resolved "https://registry.yarnpkg.com/xmlchars/-/xmlchars-2.2.0.tgz#060fe1bcb7f9c76fe2a17db86a9bc3ab894210cb"
  integrity sha512-JZnDKK8B0RCDw84FNdDAIpZK+JuJw+s7Lz8nksI7SIuU3UXJJslUthsi+uWBUYOwPFwW7W7PRLRfUKpxjtjFCw==
