# THIS IS AN AUTOGENERATED FILE. DO NOT EDIT THIS FILE DIRECTLY.
# yarn lockfile v1


"@jscad/amf-deserializer@^0.2.1":
  version "0.2.3"
  resolved "https://registry.yarnpkg.com/@jscad/amf-deserializer/-/amf-deserializer-0.2.3.tgz#cb91c30de2dd5a7e20731405e52b6d00bfaf684d"
  integrity sha512-zf7grKFqvDZg5i2P5+/bg347Ci71JmJYVWMco+pTJQjJoH2nnNUbhjWh7jhhSQDWpaPyZ3RuLvbtSfCOkGcNYg==
  dependencies:
    "@jscad/csg" "^0.7.0"
    sax "^1.2.1"

"@jscad/amf-serializer@^0.1.2":
  version "0.1.2"
  resolved "https://registry.yarnpkg.com/@jscad/amf-serializer/-/amf-serializer-0.1.2.tgz#6eedc8f99344c73ecfacd045f83f14b6ecb1e23d"
  integrity sha512-Pvw2ErU5G3tRI2s/e9+6446AFm5bPGVdNMYq55vaLk7tVHYSAQuOkOMbt3Ye1GjNbO7+XkNvKGhw2MbAs9rdoA==
  dependencies:
    "@jscad/io-utils" "^0.1.3"
    sax "^1.2.1"
    xmldom "^0.1.27"

"@jscad/cli@^1.10.0":
  version "1.10.0"
  resolved "https://registry.yarnpkg.com/@jscad/cli/-/cli-1.10.0.tgz#bde676ab691382d88f4bc39844ef740d025dc295"
  integrity sha512-TCVedt7Pe4RMnoPhXb3vC4XiE0h5gkH6YRcO/kC8gqGKoAZlqL9CSxEZjW5WPGJ3kwAvlKWwfo0/xelGiCvJgg==
  dependencies:
    "@jscad/core" "^0.4.0"
    "@jscad/csg" "0.7.0"
    "@jscad/examples" "^1.7.2"
    "@jscad/io" "0.4.7"
    "@jscad/openscad-openjscad-translator" "0.0.11"

"@jscad/core@^0.4.0":
  version "0.4.0"
  resolved "https://registry.yarnpkg.com/@jscad/core/-/core-0.4.0.tgz#2c584162eb0ba1b626d21901ea82fa9dbfcc9187"
  integrity sha512-Bufnvi6J9SthrrYIcV6VIgMcU3f5ye89fV3nJA2xpCqLi8Svyg12WN6STYUz8pnDAasw7cZClzIpQP9uMJQZOw==
  dependencies:
    "@jscad/csg" "0.7.0"
    "@jscad/io" "0.4.7"
    "@jscad/openscad-openjscad-translator" "0.0.11"
    astring "^1.3.1"
    esprima "^3.1.3"
    estraverse "^4.2.0"
    require-from-string "^2.0.1"
    strip-bom "^3.0.0"
    webworkify "^1.4.0"

"@jscad/csg@0.7.0", "@jscad/csg@^0.7.0":
  version "0.7.0"
  resolved "https://registry.yarnpkg.com/@jscad/csg/-/csg-0.7.0.tgz#a6b17e60cc88bbf81fd00024abb394e2ab42687f"
  integrity sha512-v91oCgmGq2h8TJsxSv8EdcEzf+3K/U6JVPrprHqhU7+dfjfD/Nezz/AHKNZFQxQ++k/8xMpwZWt22MgDqygiVA==

"@jscad/dxf-deserializer@^0.1.1":
  version "0.1.3"
  resolved "https://registry.yarnpkg.com/@jscad/dxf-deserializer/-/dxf-deserializer-0.1.3.tgz#6c863ba0fe1d68c90e22ed528627c609c2076442"
  integrity sha512-rk9A2WpOlov4TsXdgVi98Zguwa+R1F+p4G6a5SSGiq1GfhNnah/FO1eybY9kZNSHhuckHK/ziSs8NgL96/p0iw==
  dependencies:
    "@jscad/csg" "^0.7.0"

"@jscad/dxf-serializer@^0.2.4":
  version "0.2.5"
  resolved "https://registry.yarnpkg.com/@jscad/dxf-serializer/-/dxf-serializer-0.2.5.tgz#07c78adf51d5b3469c5bebb466e7b063c2e04b82"
  integrity sha512-kh77mLyZECCSgjSTs3PCnnFncuHAR66dOpvx0v9Ct221nfmWYz6bqy66sH/Uy9MEwzZicIOIiashN59bginC6g==
  dependencies:
    "@jscad/csg" "^0.7.0"
    "@jscad/io-utils" "^0.1.3"

"@jscad/examples@^1.7.2":
  version "1.7.2"
  resolved "https://registry.yarnpkg.com/@jscad/examples/-/examples-1.7.2.tgz#471acc0211175459fd810c3a09fe3496440d4c85"
  integrity sha512-WbZwU+KV2XMMZ99gJEyX8CmE8k6QM2JwXXsvcUCFiC6V0LOE7k6zXVuH6fTPy1VJa54U3m9dzlGVcP1XzZ0Rag==

"@jscad/gcode-deserializer@^0.2.0":
  version "0.2.1"
  resolved "https://registry.yarnpkg.com/@jscad/gcode-deserializer/-/gcode-deserializer-0.2.1.tgz#224e515d690a9ef9ff2557586aee233638c7da32"
  integrity sha512-Gn5emOcE6cjRdaSlzcDDYe/5spSXNG6FlnoXGX5ciIo04UHJjYvJN6i9YRRCiypX3rFvxfR84LaST2PxIbrsQw==

"@jscad/io-utils@^0.1.3":
  version "0.1.3"
  resolved "https://registry.yarnpkg.com/@jscad/io-utils/-/io-utils-0.1.3.tgz#ddc4ea914606c085b64ed20919a1973b3f47ac51"
  integrity sha512-aCVUZovewI4njtEJ1fvjhasqd8EHIzQaPb88MtFWf/ff1NdGOu/vRH3yGG8vu0NZektGEDCKp028g2nTBL7aFg==

"@jscad/io@0.4.7":
  version "0.4.7"
  resolved "https://registry.yarnpkg.com/@jscad/io/-/io-0.4.7.tgz#825f18bd12b6b70ab341b37363543cac743dd4fc"
  integrity sha512-D4yuBDppfVNNYSQpm6D+Vgn80aTIF7K64i6aCPrjl5AQYX8oRKdgm5biRZU/RDg1pxkSUs5s/vfOmU/86U8SFQ==
  dependencies:
    "@jscad/amf-deserializer" "^0.2.1"
    "@jscad/amf-serializer" "^0.1.2"
    "@jscad/dxf-deserializer" "^0.1.1"
    "@jscad/dxf-serializer" "^0.2.4"
    "@jscad/gcode-deserializer" "^0.2.0"
    "@jscad/io-utils" "^0.1.3"
    "@jscad/json-deserializer" "^0.1.2"
    "@jscad/json-serializer" "^0.1.2"
    "@jscad/obj-deserializer" "^0.2.1"
    "@jscad/stl-deserializer" "^0.3.2"
    "@jscad/stl-serializer" "^0.1.3"
    "@jscad/svg-deserializer" "^0.4.2"
    "@jscad/svg-serializer" "^0.1.3"
    "@jscad/x3d-serializer" "^0.1.2"

"@jscad/json-deserializer@^0.1.2":
  version "0.1.3"
  resolved "https://registry.yarnpkg.com/@jscad/json-deserializer/-/json-deserializer-0.1.3.tgz#a4e1a370742c1c895530233c130f7547e8f4d760"
  integrity sha512-8zvtCqfYL7nBFJ8fj9Oqo5VuplzU9kupUJBjumkYTEvUUkr63Nv0U7slse0Tu8ZkpYc2rjbpBBZHXosCchicsQ==
  dependencies:
    "@jscad/csg" "0.7.0"

"@jscad/json-serializer@^0.1.2":
  version "0.1.2"
  resolved "https://registry.yarnpkg.com/@jscad/json-serializer/-/json-serializer-0.1.2.tgz#ce4b3fb3498d1d7ad3ae0e92e6aed22c0e66287d"
  integrity sha512-fptGLXaeK56AYWWcfXDaiXCjZm70OKEHaAzHUpmjFRzH13gbZ7j27oS7jSe23xElPffst2/U5QJq70V/psYHCQ==
  dependencies:
    "@jscad/csg" "0.7.0"
    "@jscad/io-utils" "^0.1.3"

"@jscad/obj-deserializer@^0.2.1":
  version "0.2.3"
  resolved "https://registry.yarnpkg.com/@jscad/obj-deserializer/-/obj-deserializer-0.2.3.tgz#11204261bf657f681bfdcb0558772f6911a6a152"
  integrity sha512-txwW8ESSz2WtwlcfVnr+S1IGPJLZt/QA1aXRNGqsYLacLyYN6EIWu4DEjmz6ebQ2KUgwHgiCE1l6bl+bJ+3NIA==
  dependencies:
    "@jscad/csg" "^0.7.0"

"@jscad/openscad-openjscad-translator@0.0.11":
  version "0.0.11"
  resolved "https://registry.yarnpkg.com/@jscad/openscad-openjscad-translator/-/openscad-openjscad-translator-0.0.11.tgz#574e6b5021f67e6da67f9f05bd7b820064bba6f7"
  integrity sha512-wnsIBsRaYJRxdhyUnglzf6SDBREjRyrOEKU9BRD+PudjcV5wy5PwB6quxWADilAPRO5fxnMJjNJ2vywR88oE5g==
  dependencies:
    "@kaosat-dev/sylvester" "0.0.21"
    lodash "^4.17.4"

"@jscad/stl-deserializer@^0.3.2":
  version "0.3.3"
  resolved "https://registry.yarnpkg.com/@jscad/stl-deserializer/-/stl-deserializer-0.3.3.tgz#81857ee9088d5c9de5767f29b4dac4c58b82caf5"
  integrity sha512-k9uij49SX1S993qQVqbDFr4auU0uyd+qtRDf7muLBSzyP5h6Qip6Z9YjbED4lvzGKfnyh9PNE8IdaoZVgs1dAg==
  dependencies:
    "@jscad/csg" "0.7.0"
    "@jscad/io-utils" "^0.1.3"

"@jscad/stl-serializer@^0.1.3":
  version "0.1.3"
  resolved "https://registry.yarnpkg.com/@jscad/stl-serializer/-/stl-serializer-0.1.3.tgz#dd514c2435b2457de0e1c4509fc928c23f2163ff"
  integrity sha512-Zdrluf82TnBL6hHm28DfQGpjHHuN69XONH8SYwF0x3gnr5q+281erj+NRgH5odHYuxmetVNgoT5G1c654cIJag==
  dependencies:
    "@jscad/io-utils" "^0.1.3"

"@jscad/svg-deserializer@^0.4.2":
  version "0.4.3"
  resolved "https://registry.yarnpkg.com/@jscad/svg-deserializer/-/svg-deserializer-0.4.3.tgz#21e70effd29541941982305a2ed25482c5d18ea9"
  integrity sha512-kN8Ug8BbT1JLJGEl+QB3j+Olj3MOEN+XC9yTHpWaYdmwAGQ0/ULEmUkbse4xHhnEgIjYLO3fPZe3xWSkedPNxg==
  dependencies:
    "@jscad/csg" "0.7.0"
    sax "1.2.4"

"@jscad/svg-serializer@^0.1.3":
  version "0.1.3"
  resolved "https://registry.yarnpkg.com/@jscad/svg-serializer/-/svg-serializer-0.1.3.tgz#a148eebc7bb2708dc976f4706edd4f313386cba3"
  integrity sha512-2ToKwVmVyNk9XD9WHm2QhbBI9LAQdfPxhCCOp13YNmXV8Ebl44V+IoIVzYdfcQuX1tSLOX7UPsL+zEcoQuVBbw==
  dependencies:
    "@jscad/csg" "0.7.0"
    onml "^0.4.1"

"@jscad/x3d-serializer@^0.1.2":
  version "0.1.2"
  resolved "https://registry.yarnpkg.com/@jscad/x3d-serializer/-/x3d-serializer-0.1.2.tgz#cb21ae3eda0b3434faae46b7982b50abfffa6ae7"
  integrity sha512-kIkB+1CasHOClgxslKLPvgr+z93Go9luvZlFyz+leWtpJt07BPcEzaQQDap5E7HL3EUgorIeythx3+CvLntPZg==
  dependencies:
    "@jscad/io-utils" "^0.1.3"
    xmldom "^0.1.27"

"@kaosat-dev/sylvester@0.0.21":
  version "0.0.21"
  resolved "https://registry.yarnpkg.com/@kaosat-dev/sylvester/-/sylvester-0.0.21.tgz#72d182a66ab67118dd3ee80b2aec456b3d367ebc"
  integrity sha512-a/z8DU57XFW8d8Kd9jWbDU55W54BDcXmXJeg+dFZ4AoQYji41EjJY+Cw1v+5HG03mKkjzNNCSid/pa861gMpHQ==

"@types/node@^14.14.25":
  version "14.14.25"
  resolved "https://registry.yarnpkg.com/@types/node/-/node-14.14.25.tgz#15967a7b577ff81383f9b888aa6705d43fbbae93"
  integrity sha512-EPpXLOVqDvisVxtlbvzfyqSsFeQxltFbluZNRndIb8tr9KiBnYNLzrc1N3pyKUCww2RNrfHDViqDWWE1LCJQtQ==

astring@^1.3.1:
  version "1.6.0"
  resolved "https://registry.yarnpkg.com/astring/-/astring-1.6.0.tgz#6ef319460368f6c9a514349a585ecf91b4f041b5"
  integrity sha512-8Rhu9cQMu4CSie4IOTAgQl75kZ8dp+gmOipjCAkV1ZVSwuDXRKXDbi8YAlCOKzIh3mws/hNoXJu8EkZwfCakLQ==

esprima@^3.1.3:
  version "3.1.3"
  resolved "https://registry.yarnpkg.com/esprima/-/esprima-3.1.3.tgz#fdca51cee6133895e3c88d535ce49dbff62a4633"
  integrity sha1-/cpRzuYTOJXjyI1TXOSdv/YqRjM=

estraverse@^4.2.0:
  version "4.3.0"
  resolved "https://registry.yarnpkg.com/estraverse/-/estraverse-4.3.0.tgz#398ad3f3c5a24948be7725e83d11a7de28cdbd1d"
  integrity sha512-39nnKffWz8xN1BU/2c79n9nB9HDzo0niYUqx6xyqUnyoAnQyyWpOTdZEeiCch8BBu515t4wp9ZmgVfVhn9EBpw==

lodash@^4.17.4:
  version "4.17.20"
  resolved "https://registry.yarnpkg.com/lodash/-/lodash-4.17.20.tgz#b44a9b6297bcb698f1c51a3545a2b3b368d59c52"
  integrity sha512-PlhdFcillOINfeV7Ni6oF1TAEayyZBoZ8bcshTHqOYJYlrqzRK5hagpagky5o4HfCzzd1TRkXPMFq6cKk9rGmA==

onml@^0.4.1:
  version "0.4.5"
  resolved "https://registry.yarnpkg.com/onml/-/onml-0.4.5.tgz#63407c77d469f1552764d5a063553b6db2e01137"
  integrity sha512-57s3RgVQZa7fGpPFqnJ/AreTQQMZVmHLNCmwAvV0LD4vacPhiWN+ggFvChzpGWNQ/tkCn5W1omJtbcjaukAFJA==
  dependencies:
    sax "^1.2.1"

require-from-string@^2.0.1:
  version "2.0.2"
  resolved "https://registry.yarnpkg.com/require-from-string/-/require-from-string-2.0.2.tgz#89a7fdd938261267318eafe14f9c32e598c36909"
  integrity sha512-Xf0nWe6RseziFMu+Ap9biiUbmplq6S9/p+7w7YXP/JBHhrUDDUhwa+vANyubuqfZWTveU//DYVGsDG7RKL/vEw==

sax@1.2.4, sax@^1.2.1:
  version "1.2.4"
  resolved "https://registry.yarnpkg.com/sax/-/sax-1.2.4.tgz#2816234e2378bddc4e5354fab5caa895df7100d9"
  integrity sha512-NqVDv9TpANUjFm0N8uM5GxL36UgKi9/atZw+x7YFnQ8ckwFGKrl4xX4yWtrey3UJm5nP1kUbnYgLopqWNSRhWw==

strip-bom@^3.0.0:
  version "3.0.0"
  resolved "https://registry.yarnpkg.com/strip-bom/-/strip-bom-3.0.0.tgz#2334c18e9c759f7bdd56fdef7e9ae3d588e68ed3"
  integrity sha1-IzTBjpx1n3vdVv3vfprj1YjmjtM=

webworkify@^1.4.0:
  version "1.5.0"
  resolved "https://registry.yarnpkg.com/webworkify/-/webworkify-1.5.0.tgz#734ad87a774de6ebdd546e1d3e027da5b8f4a42c"
  integrity sha512-AMcUeyXAhbACL8S2hqqdqOLqvJ8ylmIbNwUIqQujRSouf4+eUFaXbG6F1Rbu+srlJMmxQWsiU7mOJi0nMBfM1g==

xmldom@^0.1.27:
  version "0.1.31"
  resolved "https://registry.yarnpkg.com/xmldom/-/xmldom-0.1.31.tgz#b76c9a1bd9f0a9737e5a72dc37231cf38375e2ff"
  integrity sha512-yS2uJflVQs6n+CyjHoaBmVSqIDevTAWrzMmjG1Gc7h1qQ7uVozNhEPJAwZXWyGQ/Gafo3fCwrcaokezLPupVyQ==
