# THIS IS AN AUTOGENERATED FILE. DO NOT EDIT THIS FILE DIRECTLY.
# yarn lockfile v1


"@jscad/amf-deserializer@2.0.0-alpha.10":
  version "2.0.0-alpha.10"
  resolved "https://registry.yarnpkg.com/@jscad/amf-deserializer/-/amf-deserializer-2.0.0-alpha.10.tgz#90fccee9972b233f3bd90ea2bcd566153d10318b"
  integrity sha512-hpcX+p994CDTI0zM2t5awTXcFDrotUlrQrJOWGJHwlCBEmugSGrqXjUB/t9Xriyg2cCoPt9ap/lZAu5DXsB7/Q==
  dependencies:
    "@jscad/modeling" "2.0.0-alpha.10"
    sax "1.2.4"

"@jscad/amf-serializer@2.0.0-alpha.11":
  version "2.0.0-alpha.11"
  resolved "https://registry.yarnpkg.com/@jscad/amf-serializer/-/amf-serializer-2.0.0-alpha.11.tgz#133d5695737ec3d36ebb8b36d1c6a9fe54f73554"
  integrity sha512-HmHi20cA4rTsuL9bSxcJgLXWcIvwP3BgF+5p+7aynxMh+uOC1Gndwiac9v016Myvm2iEN9iL49CCtqiNOEPYCg==
  dependencies:
    "@jscad/io-utils" "2.0.0-alpha.10"
    "@jscad/modeling" "2.0.0-alpha.10"
    onml "1.2.0"

"@jscad/array-utils@2.0.0-alpha.4":
  version "2.0.0-alpha.4"
  resolved "https://registry.yarnpkg.com/@jscad/array-utils/-/array-utils-2.0.0-alpha.4.tgz#33d3eab605554413a32a654e77f63649a9c2bb20"
  integrity sha512-hv4IO/QnDuovDljHOAxS5RpViDrlrJThgRIH6lWnRXN+drUfoVQbcZFXeShg0X4+mN8bBTV5PMPqRTRVlS7aDg==

"@jscad/cli@2.0.0-alpha.13":
  version "2.0.0-alpha.13"
  resolved "https://registry.yarnpkg.com/@jscad/cli/-/cli-2.0.0-alpha.13.tgz#b0c606f686614b6b3ede36652b229f2a823eda6e"
  integrity sha512-C9beLPifepWCmk/Hi/NrNe4XnDDPhGyPn8FNPyMdZ1+3s9kerxjBZP2+NAyCDlih0LWAk+0thvYKrirbtuHyOA==
  dependencies:
    "@jscad/core" "2.0.0-alpha.13"
    "@jscad/io" "2.0.0-alpha.12"
    "@jscad/modeling" "2.0.0-alpha.10"

"@jscad/core@2.0.0-alpha.13":
  version "2.0.0-alpha.13"
  resolved "https://registry.yarnpkg.com/@jscad/core/-/core-2.0.0-alpha.13.tgz#1309937bb7def603390dbc18fa45d286ed052341"
  integrity sha512-NzOdk+kYzYi9XL0dMtMuT+cx/pw3fYqtJx0V6NAoCAwmJrm8efvq1Ddeal5lYXVN8K/zelbKs0lsYt3+57KvRQ==
  dependencies:
    "@jscad/array-utils" "2.0.0-alpha.4"
    "@jscad/io" "2.0.0-alpha.12"
    "@jscad/io-utils" "2.0.0-alpha.10"
    "@jscad/modeling" "2.0.0-alpha.10"
    "@jscad/vtree" "2.0.0-alpha.11"
    "@most/create" "2.0.1"
    es2015-i18n-tag "1.6.1"
    is-electron "2.2.0"
    morphdom "2.6.1"
    most "1.8.0"
    most-proxy "3.3.0"
    strip-bom "4.0.0"
    webworkify "1.5.0"

"@jscad/dxf-deserializer@2.0.0-alpha.10":
  version "2.0.0-alpha.10"
  resolved "https://registry.yarnpkg.com/@jscad/dxf-deserializer/-/dxf-deserializer-2.0.0-alpha.10.tgz#93fb4d446d24537abac48d854a73334dab0e1b4d"
  integrity sha512-NU0HYYZPeKwL1DuJLrSx1VgbPOGyRjEXWGVyNFW/btJekWDYZRw8nCoX+1XwumicMtkA/aNO6lH4ZuUHGVKbJw==
  dependencies:
    "@jscad/modeling" "2.0.0-alpha.10"

"@jscad/dxf-serializer@2.0.0-alpha.10":
  version "2.0.0-alpha.10"
  resolved "https://registry.yarnpkg.com/@jscad/dxf-serializer/-/dxf-serializer-2.0.0-alpha.10.tgz#e0e137957bcfe31178b60f338bd225b23e6f7801"
  integrity sha512-yyPQc9A2NQ7fmiTDVkgsJDc76ipAUgCS3WH8xPmwzwjWffhQTfx4MV1B+/q12lsRBF+YJqDlU34VUhG2fFMwTw==
  dependencies:
    "@jscad/io-utils" "2.0.0-alpha.10"
    "@jscad/modeling" "2.0.0-alpha.10"

"@jscad/io-utils@2.0.0-alpha.10":
  version "2.0.0-alpha.10"
  resolved "https://registry.yarnpkg.com/@jscad/io-utils/-/io-utils-2.0.0-alpha.10.tgz#81c58f3fbe09dc8f9d990e47115ba913b0c21335"
  integrity sha512-ro54TWJwQpVhzcfWNl6S9BxCPbngtGZb1QpwIFaeEla6855XN8UNkL279mATayldIzAynsgiJrOZ7rTuBgn+fg==

"@jscad/io@2.0.0-alpha.12":
  version "2.0.0-alpha.12"
  resolved "https://registry.yarnpkg.com/@jscad/io/-/io-2.0.0-alpha.12.tgz#20ebdbad8ef15cd2a17f748233ca7def7aa0d3cf"
  integrity sha512-jvsmiXT3fbafYKmU8iWP4WjTsCAc9ZCZPRoowdh2mbKcgDUOXxPgSdlg52wKyb3BM9KAe1n5jR2SuBPuF4XGrA==
  dependencies:
    "@jscad/amf-deserializer" "2.0.0-alpha.10"
    "@jscad/amf-serializer" "2.0.0-alpha.11"
    "@jscad/array-utils" "2.0.0-alpha.4"
    "@jscad/dxf-deserializer" "2.0.0-alpha.10"
    "@jscad/dxf-serializer" "2.0.0-alpha.10"
    "@jscad/io-utils" "2.0.0-alpha.10"
    "@jscad/json-deserializer" "2.0.0-alpha.10"
    "@jscad/json-serializer" "2.0.0-alpha.10"
    "@jscad/modeling" "2.0.0-alpha.10"
    "@jscad/obj-deserializer" "2.0.0-alpha.10"
    "@jscad/stl-deserializer" "2.0.0-alpha.11"
    "@jscad/stl-serializer" "2.0.0-alpha.10"
    "@jscad/svg-deserializer" "2.0.0-alpha.10"
    "@jscad/svg-serializer" "2.0.0-alpha.11"
    "@jscad/x3d-serializer" "2.0.0-alpha.11"

"@jscad/json-deserializer@2.0.0-alpha.10":
  version "2.0.0-alpha.10"
  resolved "https://registry.yarnpkg.com/@jscad/json-deserializer/-/json-deserializer-2.0.0-alpha.10.tgz#aaef0405f1a0c31b5daa404b962263db9e130a68"
  integrity sha512-s/xbZF1lQwXAUwZfM3xsN4Di/H1uFYgUXnAmtpvaJDlEfL/hhGqZoWVyNwBLgNeLkB4RBnIVGOzm7Bc0swEd/Q==
  dependencies:
    "@jscad/array-utils" "2.0.0-alpha.4"

"@jscad/json-serializer@2.0.0-alpha.10":
  version "2.0.0-alpha.10"
  resolved "https://registry.yarnpkg.com/@jscad/json-serializer/-/json-serializer-2.0.0-alpha.10.tgz#b09787a3a88a4d2f619bff44ef10d354c9ace5bf"
  integrity sha512-oCaitI20y/sWKhkx5Dt0Dyony/26+M3OK/TE6uZQBjJI0OjbFiBWZp4e78Oy/d3P3+Jl86FD8v/hAhthwKdrdw==
  dependencies:
    "@jscad/modeling" "2.0.0-alpha.10"

"@jscad/modeling@2.0.0-alpha.10":
  version "2.0.0-alpha.10"
  resolved "https://registry.yarnpkg.com/@jscad/modeling/-/modeling-2.0.0-alpha.10.tgz#c65f5f139c3b5300a38944d99c6ac3d985da471d"
  integrity sha512-qqB63Yqw6F8Mg9eu0Dj/V5F5nqjFrOacmr5rLjs/0D2+6lw5hU0aj6hdyoWP/IN73f/2MplACsK5oikr+8BzCA==

"@jscad/obj-deserializer@2.0.0-alpha.10":
  version "2.0.0-alpha.10"
  resolved "https://registry.yarnpkg.com/@jscad/obj-deserializer/-/obj-deserializer-2.0.0-alpha.10.tgz#97dfc7163df636d88b383bff7e8700de3208d03a"
  integrity sha512-xsZrWpn+/BRE1LVmBo6fe1whI5v4FzLPyRcoaFKLv23t0TeNNQzt5knDafqOx7w+uQ+3xh3yiB6yqubIk7Ps/A==
  dependencies:
    "@jscad/modeling" "2.0.0-alpha.10"

"@jscad/stl-deserializer@2.0.0-alpha.11":
  version "2.0.0-alpha.11"
  resolved "https://registry.yarnpkg.com/@jscad/stl-deserializer/-/stl-deserializer-2.0.0-alpha.11.tgz#4dd1a68665f6788e0647afa7dc8ad412616989ba"
  integrity sha512-EtuVulECWb0OF2lTiA474PQ8HUsjOwoO2KIBIwWznX1Y7mh4xcafVOqvCNUzjGJKBngFd897O2DBpiyK+FjHug==
  dependencies:
    "@jscad/io-utils" "2.0.0-alpha.10"
    "@jscad/modeling" "2.0.0-alpha.10"

"@jscad/stl-serializer@2.0.0-alpha.10":
  version "2.0.0-alpha.10"
  resolved "https://registry.yarnpkg.com/@jscad/stl-serializer/-/stl-serializer-2.0.0-alpha.10.tgz#173598202a906bb5d97fa6cc153843d4394de57a"
  integrity sha512-E/zwZKIQjwybeB4geGe/J2sAoupBYp5L8WrrbrYwcTwWdRU4hxfg6jQ+NJr5K1+vzS7BjgdisEOHloz3DhNaCw==
  dependencies:
    "@jscad/modeling" "2.0.0-alpha.10"

"@jscad/svg-deserializer@2.0.0-alpha.10":
  version "2.0.0-alpha.10"
  resolved "https://registry.yarnpkg.com/@jscad/svg-deserializer/-/svg-deserializer-2.0.0-alpha.10.tgz#85bc06a9ca423dd7ef76631543f12aaff8e6f5b0"
  integrity sha512-cLUzuBUIv+b+kWyolQj3BfZ8EA67zBZREV8sxWQiBhm976LdqFdA1hAV6s+aAaymLvfMFrjGtA+iN+DMfMKLsA==
  dependencies:
    "@jscad/array-utils" "2.0.0-alpha.4"
    "@jscad/modeling" "2.0.0-alpha.10"
    sax "1.2.4"

"@jscad/svg-serializer@2.0.0-alpha.11":
  version "2.0.0-alpha.11"
  resolved "https://registry.yarnpkg.com/@jscad/svg-serializer/-/svg-serializer-2.0.0-alpha.11.tgz#69ebad818d14bf44981218d0ef9fe51da592e634"
  integrity sha512-qbm4KTwnhIXDurEdYWLDlzBMOawrXFLHQQlnqVnGR4N75Dirb08LdDhhOMbRu/3FEv2Ge4NpQ52rQwW6wYfoTQ==
  dependencies:
    "@jscad/io-utils" "2.0.0-alpha.10"
    "@jscad/modeling" "2.0.0-alpha.10"
    onml "1.2.0"

"@jscad/vtree@2.0.0-alpha.11":
  version "2.0.0-alpha.11"
  resolved "https://registry.yarnpkg.com/@jscad/vtree/-/vtree-2.0.0-alpha.11.tgz#93cdd4e6d570d02190892327d2e61e9644607ae3"
  integrity sha512-Zqpy/h8gV5IMhJtHjIdIEiviGjILJSuGKqsxgsmsYs9ieuQq2zWLcvdbIZ+4+j9ydOwK+Mxr22+LVIvxJ5OChQ==
  dependencies:
    "@jscad/array-utils" "2.0.0-alpha.4"
    "@jscad/modeling" "2.0.0-alpha.10"
    object-hash "2.0.3"

"@jscad/x3d-serializer@2.0.0-alpha.11":
  version "2.0.0-alpha.11"
  resolved "https://registry.yarnpkg.com/@jscad/x3d-serializer/-/x3d-serializer-2.0.0-alpha.11.tgz#fc1180b96c77f460518b5c84190a8d5ba163982b"
  integrity sha512-MbGRXKDliPbzOgE4YduuIic78wU2oso43SLPyGtsPNFpYWOnfkWkEhg8ZVIKpqYyav27TK98lzoYO/cB34mCEg==
  dependencies:
    "@jscad/io-utils" "2.0.0-alpha.10"
    "@jscad/modeling" "2.0.0-alpha.10"
    onml "1.2.0"

"@most/create@2.0.1":
  version "2.0.1"
  resolved "https://registry.yarnpkg.com/@most/create/-/create-2.0.1.tgz#29156589638fa4ed12620203c7a698d6951a348f"
  integrity sha1-KRVliWOPpO0SYgIDx6aY1pUaNI8=
  dependencies:
    "@most/multicast" "^1.2.4"

"@most/multicast@^1.2.4", "@most/multicast@^1.2.5":
  version "1.3.0"
  resolved "https://registry.yarnpkg.com/@most/multicast/-/multicast-1.3.0.tgz#e01574840df634478ac3fabd164c6e830fb3b966"
  integrity sha512-DWH8AShgp5bXn+auGzf5tzPxvpmEvQJd0CNsApOci1LDF4eAEcnw4HQOr2Jaa+L92NbDYFKBSXxll+i7r1ikvw==
  dependencies:
    "@most/prelude" "^1.4.0"

"@most/prelude@^1.4.0":
  version "1.8.0"
  resolved "https://registry.yarnpkg.com/@most/prelude/-/prelude-1.8.0.tgz#90814b9e92d538e2d1c6eb69c01dfe4e86b5c80e"
  integrity sha512-t1CcURpZzfmBA6fEWwqmCqeNzWAj1w2WqEmCk/2yXMe/p8Ut000wFmVKMy8A1Rl9VVxZEZ5nBHd/pU0dR4bv/w==

"@types/node@^14.14.25":
  version "14.14.25"
  resolved "https://registry.yarnpkg.com/@types/node/-/node-14.14.25.tgz#15967a7b577ff81383f9b888aa6705d43fbbae93"
  integrity sha512-EPpXLOVqDvisVxtlbvzfyqSsFeQxltFbluZNRndIb8tr9KiBnYNLzrc1N3pyKUCww2RNrfHDViqDWWE1LCJQtQ==

define-properties@^1.1.3:
  version "1.1.3"
  resolved "https://registry.yarnpkg.com/define-properties/-/define-properties-1.1.3.tgz#cf88da6cbee26fe6db7094f61d870cbd84cee9f1"
  integrity sha512-3MqfYKj2lLzdMSf8ZIZE/V+Zuy+BgD6f164e8K2w7dgnpKArBDerGYpM46IYYcjnkdPNMjPk9A6VFB8+3SKlXQ==
  dependencies:
    object-keys "^1.0.12"

es2015-i18n-tag@1.6.1:
  version "1.6.1"
  resolved "https://registry.yarnpkg.com/es2015-i18n-tag/-/es2015-i18n-tag-1.6.1.tgz#76c782a083c188ae761774c54d1a56029784a458"
  integrity sha512-MYoh9p+JTkgnzBh0MEBON6xUyzdmwT6wzsmmFJvZujGSXiI2kM+3XvFl6+AcIO2eeL6VWgtX9szSiDTMwDxyYA==

globalthis@^1.0.1:
  version "1.0.2"
  resolved "https://registry.yarnpkg.com/globalthis/-/globalthis-1.0.2.tgz#2a235d34f4d8036219f7e34929b5de9e18166b8b"
  integrity sha512-ZQnSFO1la8P7auIOQECnm0sSuoMeaSq0EEdXMBFF2QJO4uNcwbyhSgG3MruWNbFTqCLmxVwGOl7LZ9kASvHdeQ==
  dependencies:
    define-properties "^1.1.3"

is-electron@2.2.0:
  version "2.2.0"
  resolved "https://registry.yarnpkg.com/is-electron/-/is-electron-2.2.0.tgz#8943084f09e8b731b3a7a0298a7b5d56f6b7eef0"
  integrity sha512-SpMppC2XR3YdxSzczXReBjqs2zGscWQpBIKqwXYBFic0ERaxNVgwLCHwOLZeESfdJQjX0RDvrJ1lBXX2ij+G1Q==

morphdom@2.6.1:
  version "2.6.1"
  resolved "https://registry.yarnpkg.com/morphdom/-/morphdom-2.6.1.tgz#e868e24f989fa3183004b159aed643e628b4306e"
  integrity sha512-Y8YRbAEP3eKykroIBWrjcfMw7mmwJfjhqdpSvoqinu8Y702nAwikpXcNFDiIkyvfCLxLM9Wu95RZqo4a9jFBaA==

most-proxy@3.3.0:
  version "3.3.0"
  resolved "https://registry.yarnpkg.com/most-proxy/-/most-proxy-3.3.0.tgz#ae36ce38c4889cd41b6784ce4606df54a2fbe9e8"
  integrity sha1-rjbOOMSInNQbZ4TORgbfVKL76eg=
  dependencies:
    "@most/multicast" "^1.2.4"
    most "^1.1.0"

most@1.8.0:
  version "1.8.0"
  resolved "https://registry.yarnpkg.com/most/-/most-1.8.0.tgz#02ff0eff64618496c946cac7b828ac4a99af652c"
  integrity sha512-V49VlfnnGBVSIcHVeW6jViOwsPwSdnw8qv2BQ97TCfJMA07Yq5BkjUnEPmDZ0Kqm6crTBlgmdnH+jO0qVJMXfw==
  dependencies:
    "@most/multicast" "^1.2.5"
    "@most/prelude" "^1.4.0"
    symbol-observable "^1.0.2"

most@^1.1.0:
  version "1.9.0"
  resolved "https://registry.yarnpkg.com/most/-/most-1.9.0.tgz#a689b1191a67c25776068b00cf3446e429752743"
  integrity sha512-M7yHMcMGaclzEL6eg8Yh8PlAsaWfL/oSThF4+ZuWKM5CKXcbzmLh+qESwgZFzMKHJ+iVJwb28yFvDEOobI653w==
  dependencies:
    "@most/multicast" "^1.2.5"
    "@most/prelude" "^1.4.0"
    globalthis "^1.0.1"
    symbol-observable "^2.0.3"

object-hash@2.0.3:
  version "2.0.3"
  resolved "https://registry.yarnpkg.com/object-hash/-/object-hash-2.0.3.tgz#d12db044e03cd2ca3d77c0570d87225b02e1e6ea"
  integrity sha512-JPKn0GMu+Fa3zt3Bmr66JhokJU5BaNBIh4ZeTlaCBzrBsOeXzwcKKAK1tbLiPKgvwmPXsDvvLHoWh5Bm7ofIYg==

object-keys@^1.0.12:
  version "1.1.1"
  resolved "https://registry.yarnpkg.com/object-keys/-/object-keys-1.1.1.tgz#1c47f272df277f3b1daf061677d9c82e2322c60e"
  integrity sha512-NuAESUOUMrlIXOfHKzD6bpPu3tYt3xvjNdRIQ+FeT0lNb4K8WR70CaDxhuNguS2XG+GjkyMwOzsN5ZktImfhLA==

onml@1.2.0:
  version "1.2.0"
  resolved "https://registry.yarnpkg.com/onml/-/onml-1.2.0.tgz#35b90924660d3699f8dbe56154308e8fa1327b38"
  integrity sha512-olqYAg18XoHAhm7tK9DdBCOVdts70DGmMgCNLOWyqZokht2utgGSKBB4JHi6pBZpmioAhcYlxK+91L3tsrz+GA==
  dependencies:
    sax "^1.2.1"

sax@1.2.4, sax@^1.2.1:
  version "1.2.4"
  resolved "https://registry.yarnpkg.com/sax/-/sax-1.2.4.tgz#2816234e2378bddc4e5354fab5caa895df7100d9"
  integrity sha512-NqVDv9TpANUjFm0N8uM5GxL36UgKi9/atZw+x7YFnQ8ckwFGKrl4xX4yWtrey3UJm5nP1kUbnYgLopqWNSRhWw==

strip-bom@4.0.0:
  version "4.0.0"
  resolved "https://registry.yarnpkg.com/strip-bom/-/strip-bom-4.0.0.tgz#9c3505c1db45bcedca3d9cf7a16f5c5aa3901878"
  integrity sha512-3xurFv5tEgii33Zi8Jtp55wEIILR9eh34FAW00PZf+JnSsTmV/ioewSgQl97JHvgjoRGwPShsWm+IdrxB35d0w==

symbol-observable@^1.0.2:
  version "1.2.0"
  resolved "https://registry.yarnpkg.com/symbol-observable/-/symbol-observable-1.2.0.tgz#c22688aed4eab3cdc2dfeacbb561660560a00804"
  integrity sha512-e900nM8RRtGhlV36KGEU9k65K3mPb1WV70OdjfxlG2EAuM1noi/E/BaW/uMhL7bPEssK8QV57vN3esixjUvcXQ==

symbol-observable@^2.0.3:
  version "2.0.3"
  resolved "https://registry.yarnpkg.com/symbol-observable/-/symbol-observable-2.0.3.tgz#5b521d3d07a43c351055fa43b8355b62d33fd16a"
  integrity sha512-sQV7phh2WCYAn81oAkakC5qjq2Ml0g8ozqz03wOGnx9dDlG1de6yrF+0RAzSJD8fPUow3PTSMf2SAbOGxb93BA==

webworkify@1.5.0:
  version "1.5.0"
  resolved "https://registry.yarnpkg.com/webworkify/-/webworkify-1.5.0.tgz#734ad87a774de6ebdd546e1d3e027da5b8f4a42c"
  integrity sha512-AMcUeyXAhbACL8S2hqqdqOLqvJ8ylmIbNwUIqQujRSouf4+eUFaXbG6F1Rbu+srlJMmxQWsiU7mOJi0nMBfM1g==
